
Microsoft Visual Studio Solution File, Format Version 12.00
# Visual Studio Version 16
VisualStudioVersion = 16.0.30804.86
MinimumVisualStudioVersion = 10.0.40219.1
Project("{9A19103F-16F7-4668-BE54-9A1E7A4F7556}") = "Supermarket.Checkout", "Supermarket.Checkout\Supermarket.Checkout.csproj", "{96A2477E-193F-4730-A8A1-121079236CBF}"
EndProject
Project("{FAE04EC0-301F-11D3-BF4B-00C04F79EFBC}") = "Supermarket.Checkout.UnitTests", "Supermarket.Checkout.UnitTests\Supermarket.Checkout.UnitTests.csproj", "{9AE6DC17-9A71-4291-81AD-A13ACCCF50EC}"
EndProject
Global
	GlobalSection(SolutionConfigurationPlatforms) = preSolution
		Debug|Any CPU = Debug|Any CPU
		Release|Any CPU = Release|Any CPU
	EndGlobalSection
	GlobalSection(ProjectConfigurationPlatforms) = postSolution
		{96A2477E-193F-4730-A8A1-121079236CBF}.Debug|Any CPU.ActiveCfg = Debug|Any CPU
		{96A2477E-193F-4730-A8A1-121079236CBF}.Debug|Any CPU.Build.0 = Debug|Any CPU
		{96A2477E-193F-4730-A8A1-121079236CBF}.Release|Any CPU.ActiveCfg = Release|Any CPU
		{96A2477E-193F-4730-A8A1-121079236CBF}.Release|Any CPU.Build.0 = Release|Any CPU
		{9AE6DC17-9A71-4291-81AD-A13ACCCF50EC}.Debug|Any CPU.ActiveCfg = Debug|Any CPU
		{9AE6DC17-9A71-4291-81AD-A13ACCCF50EC}.Debug|Any CPU.Build.0 = Debug|Any CPU
		{9AE6DC17-9A71-4291-81AD-A13ACCCF50EC}.Release|Any CPU.ActiveCfg = Release|Any CPU
		{9AE6DC17-9A71-4291-81AD-A13ACCCF50EC}.Release|Any CPU.Build.0 = Release|Any CPU
	EndGlobalSection
	GlobalSection(SolutionProperties) = preSolution
		HideSolutionNode = FALSE
	EndGlobalSection
	GlobalSection(ExtensibilityGlobals) = postSolution
		SolutionGuid = {30E13C83-D4B5-458B-8F29-F1641F1F983E}
	EndGlobalSection
EndGlobal
